version = 1
revision = 2
requires-python = ">=3.13"

[[package]]
name = "anyio"
version = "4.11.0"
source = { registry = "https://pypi.org/simple" }
dependencies = [
    { name = "idna" },
    { name = "sniffio" },
]
sdist = { url = "https://files.pythonhosted.org/packages/c6/78/7d432127c41b50bccba979505f272c16cbcadcc33645d5fa3a738110ae75/anyio-4.11.0.tar.gz", hash = "sha256:82a8d0b81e318cc5ce71a5f1f8b5c4e63619620b63141ef8c995fa0db95a57c4", size = 219094, upload-time = "2025-09-23T09:19:12.58Z" }
wheels = [
    { url = "https://files.pythonhosted.org/packages/15/b3/9b1a8074496371342ec1e796a96f99c82c945a339cd81a8e73de28b4cf9e/anyio-4.11.0-py3-none-any.whl", hash = "sha256:0287e96f4d26d4149305414d4e3bc32f0dcd0862365a4bddea19d7a1ec38c4fc", size = 109097, upload-time = "2025-09-23T09:19:10.601Z" },
]

[[package]]
name = "certifi"
version = "2025.10.5"
source = { registry = "https://pypi.org/simple" }
sdist = { url = "https://files.pythonhosted.org/packages/4c/5b/b6ce21586237c77ce67d01dc5507039d444b630dd76611bbca2d8e5dcd91/certifi-2025.10.5.tar.gz", hash = "sha256:47c09d31ccf2acf0be3f701ea53595ee7e0b8fa08801c6624be771df09ae7b43", size = 164519, upload-time = "2025-10-05T04:12:15.808Z" }
wheels = [
    { url = "https://files.pythonhosted.org/packages/e4/37/af0d2ef3967ac0d6113837b44a4f0bfe1328c2b9763bd5b1744520e5cfed/certifi-2025.10.5-py3-none-any.whl", hash = "sha256:0f212c2744a9bb6de0c56639a6f68afe01ecd92d91f14ae897c4fe7bbeeef0de", size = 163286, upload-time = "2025-10-05T04:12:14.03Z" },
]

[[package]]
name = "charset-normalizer"
version = "3.4.4"
source = { registry = "https://pypi.org/simple" }
sdist = { url = "https://files.pythonhosted.org/packages/13/69/33ddede1939fdd074bce5434295f38fae7136463422fe4fd3e0e89b98062/charset_normalizer-3.4.4.tar.gz", hash = "sha256:94537985111c35f28720e43603b8e7b43a6ecfb2ce1d3058bbe955b73404e21a", size = 129418, upload-time = "2025-10-14T04:42:32.879Z" }
wheels = [
    { url = "https://files.pythonhosted.org/packages/97/45/4b3a1239bbacd321068ea6e7ac28875b03ab8bc0aa0966452db17cd36714/charset_normalizer-3.4.4-cp313-cp313-macosx_10_13_universal2.whl", hash = "sha256:e1f185f86a6f3403aa2420e815904c67b2f9ebc443f045edd0de921108345794", size = 208091, upload-time = "2025-10-14T04:41:13.346Z" },
    { url = "https://files.pythonhosted.org/packages/7d/62/73a6d7450829655a35bb88a88fca7d736f9882a27eacdca2c6d505b57e2e/charset_normalizer-3.4.4-cp313-cp313-manylinux2014_aarch64.manylinux_2_17_aarch64.manylinux_2_28_aarch64.whl", hash = "sha256:6b39f987ae8ccdf0d2642338faf2abb1862340facc796048b604ef14919e55ed", size = 147936, upload-time = "2025-10-14T04:41:14.461Z" },
    { url = "https://files.pythonhosted.org/packages/89/c5/adb8c8b3d6625bef6d88b251bbb0d95f8205831b987631ab0c8bb5d937c2/charset_normalizer-3.4.4-cp313-cp313-manylinux2014_armv7l.manylinux_2_17_armv7l.manylinux_2_31_armv7l.whl", hash = "sha256:3162d5d8ce1bb98dd51af660f2121c55d0fa541b46dff7bb9b9f86ea1d87de72", size = 144180, upload-time = "2025-10-14T04:41:15.588Z" },
    { url = "https://files.pythonhosted.org/packages/91/ed/9706e4070682d1cc219050b6048bfd293ccf67b3d4f5a4f39207453d4b99/charset_normalizer-3.4.4-cp313-cp313-manylinux2014_ppc64le.manylinux_2_17_ppc64le.manylinux_2_28_ppc64le.whl", hash = "sha256:81d5eb2a312700f4ecaa977a8235b634ce853200e828fbadf3a9c50bab278328", size = 161346, upload-time = "2025-10-14T04:41:16.738Z" },
    { url = "https://files.pythonhosted.org/packages/d5/0d/031f0d95e4972901a2f6f09ef055751805ff541511dc1252ba3ca1f80cf5/charset_normalizer-3.4.4-cp313-cp313-manylinux2014_s390x.manylinux_2_17_s390x.manylinux_2_28_s390x.whl", hash = "sha256:5bd2293095d766545ec1a8f612559f6b40abc0eb18bb2f5d1171872d34036ede", size = 158874, upload-time = "2025-10-14T04:41:17.923Z" },
    { url = "https://files.pythonhosted.org/packages/f5/83/6ab5883f57c9c801ce5e5677242328aa45592be8a00644310a008d04f922/charset_normalizer-3.4.4-cp313-cp313-manylinux2014_x86_64.manylinux_2_17_x86_64.manylinux_2_28_x86_64.whl", hash = "sha256:a8a8b89589086a25749f471e6a900d3f662d1d3b6e2e59dcecf787b1cc3a1894", size = 153076, upload-time = "2025-10-14T04:41:19.106Z" },
    { url = "https://files.pythonhosted.org/packages/75/1e/5ff781ddf5260e387d6419959ee89ef13878229732732ee73cdae01800f2/charset_normalizer-3.4.4-cp313-cp313-manylinux_2_31_riscv64.manylinux_2_39_riscv64.whl", hash = "sha256:bc7637e2f80d8530ee4a78e878bce464f70087ce73cf7c1caf142416923b98f1", size = 150601, upload-time = "2025-10-14T04:41:20.245Z" },
    { url = "https://files.pythonhosted.org/packages/d7/57/71be810965493d3510a6ca79b90c19e48696fb1ff964da319334b12677f0/charset_normalizer-3.4.4-cp313-cp313-musllinux_1_2_aarch64.whl", hash = "sha256:f8bf04158c6b607d747e93949aa60618b61312fe647a6369f88ce2ff16043490", size = 150376, upload-time = "2025-10-14T04:41:21.398Z" },
    { url = "https://files.pythonhosted.org/packages/e5/d5/c3d057a78c181d007014feb7e9f2e65905a6c4ef182c0ddf0de2924edd65/charset_normalizer-3.4.4-cp313-cp313-musllinux_1_2_armv7l.whl", hash = "sha256:554af85e960429cf30784dd47447d5125aaa3b99a6f0683589dbd27e2f45da44", size = 144825, upload-time = "2025-10-14T04:41:22.583Z" },
    { url = "https://files.pythonhosted.org/packages/e6/8c/d0406294828d4976f275ffbe66f00266c4b3136b7506941d87c00cab5272/charset_normalizer-3.4.4-cp313-cp313-musllinux_1_2_ppc64le.whl", hash = "sha256:74018750915ee7ad843a774364e13a3db91682f26142baddf775342c3f5b1133", size = 162583, upload-time = "2025-10-14T04:41:23.754Z" },
    { url = "https://files.pythonhosted.org/packages/d7/24/e2aa1f18c8f15c4c0e932d9287b8609dd30ad56dbe41d926bd846e22fb8d/charset_normalizer-3.4.4-cp313-cp313-musllinux_1_2_riscv64.whl", hash = "sha256:c0463276121fdee9c49b98908b3a89c39be45d86d1dbaa22957e38f6321d4ce3", size = 150366, upload-time = "2025-10-14T04:41:25.27Z" },
    { url = "https://files.pythonhosted.org/packages/e4/5b/1e6160c7739aad1e2df054300cc618b06bf784a7a164b0f238360721ab86/charset_normalizer-3.4.4-cp313-cp313-musllinux_1_2_s390x.whl", hash = "sha256:362d61fd13843997c1c446760ef36f240cf81d3ebf74ac62652aebaf7838561e", size = 160300, upload-time = "2025-10-14T04:41:26.725Z" },
    { url = "https://files.pythonhosted.org/packages/7a/10/f882167cd207fbdd743e55534d5d9620e095089d176d55cb22d5322f2afd/charset_normalizer-3.4.4-cp313-cp313-musllinux_1_2_x86_64.whl", hash = "sha256:9a26f18905b8dd5d685d6d07b0cdf98a79f3c7a918906af7cc143ea2e164c8bc", size = 154465, upload-time = "2025-10-14T04:41:28.322Z" },
    { url = "https://files.pythonhosted.org/packages/89/66/c7a9e1b7429be72123441bfdbaf2bc13faab3f90b933f664db506dea5915/charset_normalizer-3.4.4-cp313-cp313-win32.whl", hash = "sha256:9b35f4c90079ff2e2edc5b26c0c77925e5d2d255c42c74fdb70fb49b172726ac", size = 99404, upload-time = "2025-10-14T04:41:29.95Z" },
    { url = "https://files.pythonhosted.org/packages/c4/26/b9924fa27db384bdcd97ab83b4f0a8058d96ad9626ead570674d5e737d90/charset_normalizer-3.4.4-cp313-cp313-win_amd64.whl", hash = "sha256:b435cba5f4f750aa6c0a0d92c541fb79f69a387c91e61f1795227e4ed9cece14", size = 107092, upload-time = "2025-10-14T04:41:31.188Z" },
    { url = "https://files.pythonhosted.org/packages/af/8f/3ed4bfa0c0c72a7ca17f0380cd9e4dd842b09f664e780c13cff1dcf2ef1b/charset_normalizer-3.4.4-cp313-cp313-win_arm64.whl", hash = "sha256:542d2cee80be6f80247095cc36c418f7bddd14f4a6de45af91dfad36d817bba2", size = 100408, upload-time = "2025-10-14T04:41:32.624Z" },
    { url = "https://files.pythonhosted.org/packages/2a/35/7051599bd493e62411d6ede36fd5af83a38f37c4767b92884df7301db25d/charset_normalizer-3.4.4-cp314-cp314-macosx_10_13_universal2.whl", hash = "sha256:da3326d9e65ef63a817ecbcc0df6e94463713b754fe293eaa03da99befb9a5bd", size = 207746, upload-time = "2025-10-14T04:41:33.773Z" },
    { url = "https://files.pythonhosted.org/packages/10/9a/97c8d48ef10d6cd4fcead2415523221624bf58bcf68a802721a6bc807c8f/charset_normalizer-3.4.4-cp314-cp314-manylinux2014_aarch64.manylinux_2_17_aarch64.manylinux_2_28_aarch64.whl", hash = "sha256:8af65f14dc14a79b924524b1e7fffe304517b2bff5a58bf64f30b98bbc5079eb", size = 147889, upload-time = "2025-10-14T04:41:34.897Z" },
    { url = "https://files.pythonhosted.org/packages/10/bf/979224a919a1b606c82bd2c5fa49b5c6d5727aa47b4312bb27b1734f53cd/charset_normalizer-3.4.4-cp314-cp314-manylinux2014_armv7l.manylinux_2_17_armv7l.manylinux_2_31_armv7l.whl", hash = "sha256:74664978bb272435107de04e36db5a9735e78232b85b77d45cfb38f758efd33e", size = 143641, upload-time = "2025-10-14T04:41:36.116Z" },
    { url = "https://files.pythonhosted.org/packages/ba/33/0ad65587441fc730dc7bd90e9716b30b4702dc7b617e6ba4997dc8651495/charset_normalizer-3.4.4-cp314-cp314-manylinux2014_ppc64le.manylinux_2_17_ppc64le.manylinux_2_28_ppc64le.whl", hash = "sha256:752944c7ffbfdd10c074dc58ec2d5a8a4cd9493b314d367c14d24c17684ddd14", size = 160779, upload-time = "2025-10-14T04:41:37.229Z" },
    { url = "https://files.pythonhosted.org/packages/67/ed/331d6b249259ee71ddea93f6f2f0a56cfebd46938bde6fcc6f7b9a3d0e09/charset_normalizer-3.4.4-cp314-cp314-manylinux2014_s390x.manylinux_2_17_s390x.manylinux_2_28_s390x.whl", hash = "sha256:d1f13550535ad8cff21b8d757a3257963e951d96e20ec82ab44bc64aeb62a191", size = 159035, upload-time = "2025-10-14T04:41:38.368Z" },
    { url = "https://files.pythonhosted.org/packages/67/ff/f6b948ca32e4f2a4576aa129d8bed61f2e0543bf9f5f2b7fc3758ed005c9/charset_normalizer-3.4.4-cp314-cp314-manylinux2014_x86_64.manylinux_2_17_x86_64.manylinux_2_28_x86_64.whl", hash = "sha256:ecaae4149d99b1c9e7b88bb03e3221956f68fd6d50be2ef061b2381b61d20838", size = 152542, upload-time = "2025-10-14T04:41:39.862Z" },
    { url = "https://files.pythonhosted.org/packages/16/85/276033dcbcc369eb176594de22728541a925b2632f9716428c851b149e83/charset_normalizer-3.4.4-cp314-cp314-manylinux_2_31_riscv64.manylinux_2_39_riscv64.whl", hash = "sha256:cb6254dc36b47a990e59e1068afacdcd02958bdcce30bb50cc1700a8b9d624a6", size = 149524, upload-time = "2025-10-14T04:41:41.319Z" },
    { url = "https://files.pythonhosted.org/packages/9e/f2/6a2a1f722b6aba37050e626530a46a68f74e63683947a8acff92569f979a/charset_normalizer-3.4.4-cp314-cp314-musllinux_1_2_aarch64.whl", hash = "sha256:c8ae8a0f02f57a6e61203a31428fa1d677cbe50c93622b4149d5c0f319c1d19e", size = 150395, upload-time = "2025-10-14T04:41:42.539Z" },
    { url = "https://files.pythonhosted.org/packages/60/bb/2186cb2f2bbaea6338cad15ce23a67f9b0672929744381e28b0592676824/charset_normalizer-3.4.4-cp314-cp314-musllinux_1_2_armv7l.whl", hash = "sha256:47cc91b2f4dd2833fddaedd2893006b0106129d4b94fdb6af1f4ce5a9965577c", size = 143680, upload-time = "2025-10-14T04:41:43.661Z" },
    { url = "https://files.pythonhosted.org/packages/7d/a5/bf6f13b772fbb2a90360eb620d52ed8f796f3c5caee8398c3b2eb7b1c60d/charset_normalizer-3.4.4-cp314-cp314-musllinux_1_2_ppc64le.whl", hash = "sha256:82004af6c302b5d3ab2cfc4cc5f29db16123b1a8417f2e25f9066f91d4411090", size = 162045, upload-time = "2025-10-14T04:41:44.821Z" },
    { url = "https://files.pythonhosted.org/packages/df/c5/d1be898bf0dc3ef9030c3825e5d3b83f2c528d207d246cbabe245966808d/charset_normalizer-3.4.4-cp314-cp314-musllinux_1_2_riscv64.whl", hash = "sha256:2b7d8f6c26245217bd2ad053761201e9f9680f8ce52f0fcd8d0755aeae5b2152", size = 149687, upload-time = "2025-10-14T04:41:46.442Z" },
    { url = "https://files.pythonhosted.org/packages/a5/42/90c1f7b9341eef50c8a1cb3f098ac43b0508413f33affd762855f67a410e/charset_normalizer-3.4.4-cp314-cp314-musllinux_1_2_s390x.whl", hash = "sha256:799a7a5e4fb2d5898c60b640fd4981d6a25f1c11790935a44ce38c54e985f828", size = 160014, upload-time = "2025-10-14T04:41:47.631Z" },
    { url = "https://files.pythonhosted.org/packages/76/be/4d3ee471e8145d12795ab655ece37baed0929462a86e72372fd25859047c/charset_normalizer-3.4.4-cp314-cp314-musllinux_1_2_x86_64.whl", hash = "sha256:99ae2cffebb06e6c22bdc25801d7b30f503cc87dbd283479e7b606f70aff57ec", size = 154044, upload-time = "2025-10-14T04:41:48.81Z" },
    { url = "https://files.pythonhosted.org/packages/b0/6f/8f7af07237c34a1defe7defc565a9bc1807762f672c0fde711a4b22bf9c0/charset_normalizer-3.4.4-cp314-cp314-win32.whl", hash = "sha256:f9d332f8c2a2fcbffe1378594431458ddbef721c1769d78e2cbc06280d8155f9", size = 99940, upload-time = "2025-10-14T04:41:49.946Z" },
    { url = "https://files.pythonhosted.org/packages/4b/51/8ade005e5ca5b0d80fb4aff72a3775b325bdc3d27408c8113811a7cbe640/charset_normalizer-3.4.4-cp314-cp314-win_amd64.whl", hash = "sha256:8a6562c3700cce886c5be75ade4a5db4214fda19fede41d9792d100288d8f94c", size = 107104, upload-time = "2025-10-14T04:41:51.051Z" },
    { url = "https://files.pythonhosted.org/packages/da/5f/6b8f83a55bb8278772c5ae54a577f3099025f9ade59d0136ac24a0df4bde/charset_normalizer-3.4.4-cp314-cp314-win_arm64.whl", hash = "sha256:de00632ca48df9daf77a2c65a484531649261ec9f25489917f09e455cb09ddb2", size = 100743, upload-time = "2025-10-14T04:41:52.122Z" },
    { url = "https://files.pythonhosted.org/packages/0a/4c/925909008ed5a988ccbb72dcc897407e5d6d3bd72410d69e051fc0c14647/charset_normalizer-3.4.4-py3-none-any.whl", hash = "sha256:7a32c560861a02ff789ad905a2fe94e3f840803362c84fecf1851cb4cf3dc37f", size = 53402, upload-time = "2025-10-14T04:42:31.76Z" },
]

[[package]]
name = "docker"
version = "7.1.0"
source = { registry = "https://pypi.org/simple" }
dependencies = [
    { name = "pywin32", marker = "sys_platform == 'win32'" },
    { name = "requests" },
    { name = "urllib3" },
]
sdist = { url = "https://files.pythonhosted.org/packages/91/9b/4a2ea29aeba62471211598dac5d96825bb49348fa07e906ea930394a83ce/docker-7.1.0.tar.gz", hash = "sha256:ad8c70e6e3f8926cb8a92619b832b4ea5299e2831c14284663184e200546fa6c", size = 117834, upload-time = "2024-05-23T11:13:57.216Z" }
wheels = [
    { url = "https://files.pythonhosted.org/packages/e3/26/57c6fb270950d476074c087527a558ccb6f4436657314bfb6cdf484114c4/docker-7.1.0-py3-none-any.whl", hash = "sha256:c96b93b7f0a746f9e77d325bcfb87422a3d8bd4f03136ae8a85b37f1898d5fc0", size = 147774, upload-time = "2024-05-23T11:13:55.01Z" },
]

[[package]]
name = "idna"
version = "3.11"
source = { registry = "https://pypi.org/simple" }
sdist = { url = "https://files.pythonhosted.org/packages/6f/6d/0703ccc57f3a7233505399edb88de3cbd678da106337b9fcde432b65ed60/idna-3.11.tar.gz", hash = "sha256:795dafcc9c04ed0c1fb032c2aa73654d8e8c5023a7df64a53f39190ada629902", size = 194582, upload-time = "2025-10-12T14:55:20.501Z" }
wheels = [
    { url = "https://files.pythonhosted.org/packages/0e/61/66938bbb5fc52dbdf84594873d5b51fb1f7c7794e9c0f5bd885f30bc507b/idna-3.11-py3-none-any.whl", hash = "sha256:771a87f49d9defaf64091e6e6fe9c18d4833f140bd19464795bc32d966ca37ea", size = 71008, upload-time = "2025-10-12T14:55:18.883Z" },
]

[[package]]
name = "protobuf"
version = "6.33.0"
source = { registry = "https://pypi.org/simple" }
sdist = { url = "https://files.pythonhosted.org/packages/19/ff/64a6c8f420818bb873713988ca5492cba3a7946be57e027ac63495157d97/protobuf-6.33.0.tar.gz", hash = "sha256:140303d5c8d2037730c548f8c7b93b20bb1dc301be280c378b82b8894589c954", size = 443463, upload-time = "2025-10-15T20:39:52.159Z" }
wheels = [
    { url = "https://files.pythonhosted.org/packages/7e/ee/52b3fa8feb6db4a833dfea4943e175ce645144532e8a90f72571ad85df4e/protobuf-6.33.0-cp310-abi3-win32.whl", hash = "sha256:d6101ded078042a8f17959eccd9236fb7a9ca20d3b0098bbcb91533a5680d035", size = 425593, upload-time = "2025-10-15T20:39:40.29Z" },
    { url = "https://files.pythonhosted.org/packages/7b/c6/7a465f1825872c55e0341ff4a80198743f73b69ce5d43ab18043699d1d81/protobuf-6.33.0-cp310-abi3-win_amd64.whl", hash = "sha256:9a031d10f703f03768f2743a1c403af050b6ae1f3480e9c140f39c45f81b13ee", size = 436882, upload-time = "2025-10-15T20:39:42.841Z" },
    { url = "https://files.pythonhosted.org/packages/e1/a9/b6eee662a6951b9c3640e8e452ab3e09f117d99fc10baa32d1581a0d4099/protobuf-6.33.0-cp39-abi3-macosx_10_9_universal2.whl", hash = "sha256:905b07a65f1a4b72412314082c7dbfae91a9e8b68a0cc1577515f8df58ecf455", size = 427521, upload-time = "2025-10-15T20:39:43.803Z" },
    { url = "https://files.pythonhosted.org/packages/10/35/16d31e0f92c6d2f0e77c2a3ba93185130ea13053dd16200a57434c882f2b/protobuf-6.33.0-cp39-abi3-manylinux2014_aarch64.whl", hash = "sha256:e0697ece353e6239b90ee43a9231318302ad8353c70e6e45499fa52396debf90", size = 324445, upload-time = "2025-10-15T20:39:44.932Z" },
    { url = "https://files.pythonhosted.org/packages/e6/eb/2a981a13e35cda8b75b5585aaffae2eb904f8f351bdd3870769692acbd8a/protobuf-6.33.0-cp39-abi3-manylinux2014_s390x.whl", hash = "sha256:e0a1715e4f27355afd9570f3ea369735afc853a6c3951a6afe1f80d8569ad298", size = 339159, upload-time = "2025-10-15T20:39:46.186Z" },
    { url = "https://files.pythonhosted.org/packages/21/51/0b1cbad62074439b867b4e04cc09b93f6699d78fd191bed2bbb44562e077/protobuf-6.33.0-cp39-abi3-manylinux2014_x86_64.whl", hash = "sha256:35be49fd3f4fefa4e6e2aacc35e8b837d6703c37a2168a55ac21e9b1bc7559ef", size = 323172, upload-time = "2025-10-15T20:39:47.465Z" },
    { url = "https://files.pythonhosted.org/packages/07/d1/0a28c21707807c6aacd5dc9c3704b2aa1effbf37adebd8caeaf68b17a636/protobuf-6.33.0-py3-none-any.whl", hash = "sha256:25c9e1963c6734448ea2d308cfa610e692b801304ba0908d7bfa564ac5132995", size = 170477, upload-time = "2025-10-15T20:39:51.311Z" },
]

[[package]]
name = "python-dotenv"
version = "1.1.1"
source = { registry = "https://pypi.org/simple" }
sdist = { url = "https://files.pythonhosted.org/packages/f6/b0/4bc07ccd3572a2f9df7e6782f52b0c6c90dcbb803ac4a167702d7d0dfe1e/python_dotenv-1.1.1.tar.gz", hash = "sha256:a8a6399716257f45be6a007360200409fce5cda2661e3dec71d23dc15f6189ab", size = 41978, upload-time = "2025-06-24T04:21:07.341Z" }
wheels = [
    { url = "https://files.pythonhosted.org/packages/5f/ed/539768cf28c661b5b068d66d96a2f155c4971a5d55684a514c1a0e0dec2f/python_dotenv-1.1.1-py3-none-any.whl", hash = "sha256:31f23644fe2602f88ff55e1f5c79ba497e01224ee7737937930c448e4d0e24dc", size = 20556, upload-time = "2025-06-24T04:21:06.073Z" },
]

[[package]]
name = "pywin32"
version = "311"
source = { registry = "https://pypi.org/simple" }
wheels = [
    { url = "https://files.pythonhosted.org/packages/a5/be/3fd5de0979fcb3994bfee0d65ed8ca9506a8a1260651b86174f6a86f52b3/pywin32-311-cp313-cp313-win32.whl", hash = "sha256:f95ba5a847cba10dd8c4d8fefa9f2a6cf283b8b88ed6178fa8a6c1ab16054d0d", size = 8705700, upload-time = "2025-07-14T20:13:26.471Z" },
    { url = "https://files.pythonhosted.org/packages/e3/28/e0a1909523c6890208295a29e05c2adb2126364e289826c0a8bc7297bd5c/pywin32-311-cp313-cp313-win_amd64.whl", hash = "sha256:718a38f7e5b058e76aee1c56ddd06908116d35147e133427e59a3983f703a20d", size = 9494700, upload-time = "2025-07-14T20:13:28.243Z" },
    { url = "https://files.pythonhosted.org/packages/04/bf/90339ac0f55726dce7d794e6d79a18a91265bdf3aa70b6b9ca52f35e022a/pywin32-311-cp313-cp313-win_arm64.whl", hash = "sha256:7b4075d959648406202d92a2310cb990fea19b535c7f4a78d3f5e10b926eeb8a", size = 8709318, upload-time = "2025-07-14T20:13:30.348Z" },
    { url = "https://files.pythonhosted.org/packages/c9/31/097f2e132c4f16d99a22bfb777e0fd88bd8e1c634304e102f313af69ace5/pywin32-311-cp314-cp314-win32.whl", hash = "sha256:b7a2c10b93f8986666d0c803ee19b5990885872a7de910fc460f9b0c2fbf92ee", size = 8840714, upload-time = "2025-07-14T20:13:32.449Z" },
    { url = "https://files.pythonhosted.org/packages/90/4b/07c77d8ba0e01349358082713400435347df8426208171ce297da32c313d/pywin32-311-cp314-cp314-win_amd64.whl", hash = "sha256:3aca44c046bd2ed8c90de9cb8427f581c479e594e99b5c0bb19b29c10fd6cb87", size = 9656800, upload-time = "2025-07-14T20:13:34.312Z" },
    { url = "https://files.pythonhosted.org/packages/c0/d2/21af5c535501a7233e734b8af901574572da66fcc254cb35d0609c9080dd/pywin32-311-cp314-cp314-win_arm64.whl", hash = "sha256:a508e2d9025764a8270f93111a970e1d0fbfc33f4153b388bb649b7eec4f9b42", size = 8932540, upload-time = "2025-07-14T20:13:36.379Z" },
]

[[package]]
name = "requests"
version = "2.32.5"
source = { registry = "https://pypi.org/simple" }
dependencies = [
    { name = "certifi" },
    { name = "charset-normalizer" },
    { name = "idna" },
    { name = "urllib3" },
]
sdist = { url = "https://files.pythonhosted.org/packages/c9/74/b3ff8e6c8446842c3f5c837e9c3dfcfe2018ea6ecef224c710c85ef728f4/requests-2.32.5.tar.gz", hash = "sha256:dbba0bac56e100853db0ea71b82b4dfd5fe2bf6d3754a8893c3af500cec7d7cf", size = 134517, upload-time = "2025-08-18T20:46:02.573Z" }
wheels = [
    { url = "https://files.pythonhosted.org/packages/1e/db/4254e3eabe8020b458f1a747140d32277ec7a271daf1d235b70dc0b4e6e3/requests-2.32.5-py3-none-any.whl", hash = "sha256:2462f94637a34fd532264295e186976db0f5d453d1cdd31473c85a6a161affb6", size = 64738, upload-time = "2025-08-18T20:46:00.542Z" },
]

[[package]]
name = "sniffio"
version = "1.3.1"
source = { registry = "https://pypi.org/simple" }
sdist = { url = "https://files.pythonhosted.org/packages/a2/87/a6771e1546d97e7e041b6ae58d80074f81b7d5121207425c964ddf5cfdbd/sniffio-1.3.1.tar.gz", hash = "sha256:f4324edc670a0f49750a81b895f35c3adb843cca46f0530f79fc1babb23789dc", size = 20372, upload-time = "2024-02-25T23:20:04.057Z" }
wheels = [
    { url = "https://files.pythonhosted.org/packages/e9/44/75a9c9421471a6c4805dbf2356f7c181a29c1879239abab1ea2cc8f38b40/sniffio-1.3.1-py3-none-any.whl", hash = "sha256:2f6da418d1f1e0fddd844478f41680e794e6051915791a034ff65e5f100525a2", size = 10235, upload-time = "2024-02-25T23:20:01.196Z" },
]

[[package]]
name = "testcontainers"
version = "4.13.2"
source = { registry = "https://pypi.org/simple" }
dependencies = [
    { name = "docker" },
    { name = "python-dotenv" },
    { name = "typing-extensions" },
    { name = "urllib3" },
    { name = "wrapt" },
]
sdist = { url = "https://files.pythonhosted.org/packages/18/51/edac83edab339d8b4dce9a7b659163afb1ea7e011bfed1d5573d495a4485/testcontainers-4.13.2.tar.gz", hash = "sha256:2315f1e21b059427a9d11e8921f85fef322fbe0d50749bcca4eaa11271708ba4", size = 78692, upload-time = "2025-10-07T21:53:07.531Z" }
wheels = [
    { url = "https://files.pythonhosted.org/packages/2a/5e/73aa94770f1df0595364aed526f31d54440db5492911e2857318ed326e51/testcontainers-4.13.2-py3-none-any.whl", hash = "sha256:0209baf8f4274b568cde95bef2cadf7b1d33b375321f793790462e235cd684ee", size = 124771, upload-time = "2025-10-07T21:53:05.937Z" },
]

[[package]]
name = "typing-extensions"
version = "4.15.0"
source = { registry = "https://pypi.org/simple" }
sdist = { url = "https://files.pythonhosted.org/packages/72/94/1a15dd82efb362ac84269196e94cf00f187f7ed21c242792a923cdb1c61f/typing_extensions-4.15.0.tar.gz", hash = "sha256:0cea48d173cc12fa28ecabc3b837ea3cf6f38c6d1136f85cbaaf598984861466", size = 109391, upload-time = "2025-08-25T13:49:26.313Z" }
wheels = [
    { url = "https://files.pythonhosted.org/packages/18/67/36e9267722cc04a6b9f15c7f3441c2363321a3ea07da7ae0c0707beb2a9c/typing_extensions-4.15.0-py3-none-any.whl", hash = "sha256:f0fa19c6845758ab08074a0cfa8b7aecb71c999ca73d62883bc25cc018c4e548", size = 44614, upload-time = "2025-08-25T13:49:24.86Z" },
]

[[package]]
name = "urllib3"
version = "2.5.0"
source = { registry = "https://pypi.org/simple" }
sdist = { url = "https://files.pythonhosted.org/packages/15/22/9ee70a2574a4f4599c47dd506532914ce044817c7752a79b6a51286319bc/urllib3-2.5.0.tar.gz", hash = "sha256:3fc47733c7e419d4bc3f6b3dc2b4f890bb743906a30d56ba4a5bfa4bbff92760", size = 393185, upload-time = "2025-06-18T14:07:41.644Z" }
wheels = [
    { url = "https://files.pythonhosted.org/packages/a7/c2/fe1e52489ae3122415c51f387e221dd0773709bad6c6cdaa599e8a2c5185/urllib3-2.5.0-py3-none-any.whl", hash = "sha256:e6b01673c0fa6a13e374b50871808eb3bf7046c4b125b216f6bf1cc604cff0dc", size = 129795, upload-time = "2025-06-18T14:07:40.39Z" },
]

[[package]]
name = "valkey-glide"
version = "2.1.1"
source = { registry = "https://pypi.org/simple" }
dependencies = [
    { name = "anyio" },
    { name = "protobuf" },
]
sdist = { url = "https://files.pythonhosted.org/packages/b6/0f/9819fd6260a9471feb54e77d512e0dcef92a0437e607b623acea81b161f3/valkey_glide-2.1.1.tar.gz", hash = "sha256:a6a0433926754415c3ac4c7c32c7e95988df91e0966ffdf9869e7576c65fbe48", size = 676754, upload-time = "2025-10-08T19:44:22.669Z" }
wheels = [
    { url = "https://files.pythonhosted.org/packages/33/45/5aafeadaec5ca8f7614a62155ee0c46e57449706d29cb0ad89d4fe16d9c1/valkey_glide-2.1.1-cp313-cp313-macosx_10_7_x86_64.whl", hash = "sha256:ac102b6ae01db26e15027cb3df80a660dd7e27e0422aa0662ca9632cde667f71", size = 5076569, upload-time = "2025-10-08T19:43:54.535Z" },
    { url = "https://files.pythonhosted.org/packages/2b/38/102637912d3666b3ab2eff82d285dedc2cfe5d4d802fdea7064fb816c7da/valkey_glide-2.1.1-cp313-cp313-macosx_11_0_arm64.whl", hash = "sha256:4621ed235e33ff45fb8c176846754e426d38cfd5f2a1c901d0e72a4d47efb731", size = 4753847, upload-time = "2025-10-08T19:43:55.836Z" },
    { url = "https://files.pythonhosted.org/packages/8a/f9/7ba69a6273c95c02c0edc32dc3519ec6f628339ed7ab6d2b896f6aa672eb/valkey_glide-2.1.1-cp313-cp313-manylinux_2_17_aarch64.manylinux2014_aarch64.whl", hash = "sha256:3013535e4a9bd6511837e0055754f779d8ee4611eacd57c6c21fe1025d57c791", size = 4802796, upload-time = "2025-10-08T19:43:57.25Z" },
    { url = "https://files.pythonhosted.org/packages/e0/7f/adcc99c2bb6f9acf1f19a4ea7c0df074f20f7bc9c95f5b9ac75a1ee1c40b/valkey_glide-2.1.1-cp313-cp313-manylinux_2_17_x86_64.manylinux2014_x86_64.whl", hash = "sha256:e0ac3113cab7d588d20ae1c11ce0551f3c7d6a357f9c434b779fc3962359aae9", size = 5132071, upload-time = "2025-10-08T19:43:58.427Z" },
]

[[package]]
name = "valkey-realtime-analytics"
version = "0.1.0"
source = { virtual = "." }
dependencies = [
    { name = "testcontainers" },
    { name = "valkey-glide" },
]

[package.metadata]
requires-dist = [
    { name = "testcontainers", specifier = ">=4.13.2" },
    { name = "valkey-glide", specifier = ">=2.1.1" },
]

[[package]]
name = "wrapt"
version = "2.0.0"
source = { registry = "https://pypi.org/simple" }
sdist = { url = "https://files.pythonhosted.org/packages/49/19/5e5bcd855d808892fe02d49219f97a50f64cd6d8313d75df3494ee97b1a3/wrapt-2.0.0.tar.gz", hash = "sha256:35a542cc7a962331d0279735c30995b024e852cf40481e384fd63caaa391cbb9", size = 81722, upload-time = "2025-10-19T23:47:54.07Z" }
wheels = [
    { url = "https://files.pythonhosted.org/packages/18/0a/dd88abfe756b1aa79f0777e5ee4ce9e4b5dc4999bd805e9b04b52efc7b18/wrapt-2.0.0-cp313-cp313-macosx_10_13_universal2.whl", hash = "sha256:e2ea096db28d5eb64d381af0e93464621ace38a7003a364b6b5ffb7dd713aabe", size = 78083, upload-time = "2025-10-19T23:46:16.937Z" },
    { url = "https://files.pythonhosted.org/packages/7f/b9/8afebc1655a863bb2178b23c2d699b8743f3a7dab466904adc6155f3c858/wrapt-2.0.0-cp313-cp313-macosx_10_13_x86_64.whl", hash = "sha256:c92b5a82d28491e3f14f037e1aae99a27a5e6e0bb161e65f52c0445a3fa7c940", size = 61156, upload-time = "2025-10-19T23:46:17.927Z" },
    { url = "https://files.pythonhosted.org/packages/bb/8b/f710a6528ccc52e21943f42c8cf64814cde90f9adbd3bcd58c7c274b4f75/wrapt-2.0.0-cp313-cp313-macosx_11_0_arm64.whl", hash = "sha256:81d234718aabe632d179fac52c7f69f0f99fbaac4d4bcd670e62462bbcbfcad7", size = 61641, upload-time = "2025-10-19T23:46:19.229Z" },
    { url = "https://files.pythonhosted.org/packages/e4/5f/e4eabd0cc6684c5b208c2abc5c3459449c4d15be1694a9bbcf51e0e135fd/wrapt-2.0.0-cp313-cp313-manylinux1_x86_64.manylinux_2_28_x86_64.manylinux_2_5_x86_64.whl", hash = "sha256:db2eea83c43f84e4e41dbbb4c1de371a53166e55f900a6b130c3ef51c6345c1a", size = 121454, upload-time = "2025-10-19T23:46:21.808Z" },
    { url = "https://files.pythonhosted.org/packages/6f/c4/ec31ee17cc7866960d323609ba7402be786d211a6d713a59f776c4270bb3/wrapt-2.0.0-cp313-cp313-manylinux2014_aarch64.manylinux_2_17_aarch64.manylinux_2_28_aarch64.whl", hash = "sha256:65f50e356c425c061e1e17fe687ff30e294fed9bf3441dc1f13ef73859c2a817", size = 123063, upload-time = "2025-10-19T23:46:23.545Z" },
    { url = "https://files.pythonhosted.org/packages/b0/2b/a4b10c3c0022e40aeae9bec009bafb049f440493f0575ebb27ecf61c32f8/wrapt-2.0.0-cp313-cp313-manylinux_2_31_riscv64.manylinux_2_39_riscv64.whl", hash = "sha256:887f2a667e3cbfb19e204032d42ad7dedaa43972e4861dc7a3d51ae951d9b578", size = 117401, upload-time = "2025-10-19T23:46:20.433Z" },
    { url = "https://files.pythonhosted.org/packages/2a/4a/ade23a76967e1f148e461076a4d0e24a7950a5f18b394c9107fe60224ae2/wrapt-2.0.0-cp313-cp313-musllinux_1_2_aarch64.whl", hash = "sha256:9054829da4be461e3ad3192e4b6bbf1fc18af64c9975ce613aec191924e004dc", size = 121485, upload-time = "2025-10-19T23:46:24.85Z" },
    { url = "https://files.pythonhosted.org/packages/cb/ba/33b5f3e2edede4e1cfd259f0d9c203cf370f259bb9b215dd58fc6cbb94e9/wrapt-2.0.0-cp313-cp313-musllinux_1_2_riscv64.whl", hash = "sha256:b952ffd77133a5a2798ee3feb18e51b0a299d2f440961e5bb7737dbb02e57289", size = 116276, upload-time = "2025-10-19T23:46:27.006Z" },
    { url = "https://files.pythonhosted.org/packages/eb/bf/b7f95bb4529a35ca11eb95d48f9d1a563b495471f7cf404c644566fb4293/wrapt-2.0.0-cp313-cp313-musllinux_1_2_x86_64.whl", hash = "sha256:e25fde03c480061b8234d8ee4863eb5f40a9be4fb258ce105b364de38fc6bcf9", size = 120578, upload-time = "2025-10-19T23:46:28.679Z" },
    { url = "https://files.pythonhosted.org/packages/f8/71/984849df6f052592474a44aafd6b847e1cffad39b0debc5390a04aa46331/wrapt-2.0.0-cp313-cp313-win32.whl", hash = "sha256:49e982b7860d325094978292a49e0418833fc7fc42c0dc7cd0b7524d7d06ee74", size = 58178, upload-time = "2025-10-19T23:46:32.372Z" },
    { url = "https://files.pythonhosted.org/packages/f9/3b/4e1fc0f2e1355fbc55ab248311bf4c958dbbd96bd9183b9e96882cc16213/wrapt-2.0.0-cp313-cp313-win_amd64.whl", hash = "sha256:6e5c86389d9964050ce50babe247d172a5e3911d59a64023b90db2b4fa00ae7c", size = 60423, upload-time = "2025-10-19T23:46:30.041Z" },
    { url = "https://files.pythonhosted.org/packages/20/0a/9384e0551f56fe361f41bb8f209a13bb9ef689c3a18264225b249849b12c/wrapt-2.0.0-cp313-cp313-win_arm64.whl", hash = "sha256:b96fdaa4611e05c7231937930567d3c16782be9dbcf03eb9f60d83e57dd2f129", size = 58918, upload-time = "2025-10-19T23:46:31.056Z" },
    { url = "https://files.pythonhosted.org/packages/68/70/37b90d3ee5bf0d0dc4859306383da08b685c9a51abff6fd6b0a7c052e117/wrapt-2.0.0-cp313-cp313t-macosx_10_13_universal2.whl", hash = "sha256:f2c7b7fead096dbf1dcc455b7f59facb05de3f5bfb04f60a69f98cdfe6049e5f", size = 81980, upload-time = "2025-10-19T23:46:33.368Z" },
    { url = "https://files.pythonhosted.org/packages/95/23/0ce69cc90806b90b3ee4cfd9ad8d2ee9becc3a1aab7df3c3bfc7d0904cb6/wrapt-2.0.0-cp313-cp313t-macosx_10_13_x86_64.whl", hash = "sha256:04c7c8393f25b11c0faa5d907dd9eb462e87e4e7ba55e308a046d7ed37f4bbe2", size = 62900, upload-time = "2025-10-19T23:46:34.415Z" },
    { url = "https://files.pythonhosted.org/packages/54/76/03ec08170c02f38f3be3646977920976b968e0b704a0693a98f95d02f4d2/wrapt-2.0.0-cp313-cp313t-macosx_11_0_arm64.whl", hash = "sha256:a93e0f8b376c0735b2f4daf58018b4823614d2b896cb72b6641c4d3dbdca1d75", size = 63636, upload-time = "2025-10-19T23:46:35.643Z" },
    { url = "https://files.pythonhosted.org/packages/75/c1/04ce0511e504cdcd84cdb6980bc7d4efa38ac358e8103d6dd0cd278bfc6d/wrapt-2.0.0-cp313-cp313t-manylinux1_x86_64.manylinux_2_28_x86_64.manylinux_2_5_x86_64.whl", hash = "sha256:b42d13603da4416c43c430dbc6313c8d7ff745c40942f146ed4f6dd02c7d2547", size = 152650, upload-time = "2025-10-19T23:46:38.717Z" },
    { url = "https://files.pythonhosted.org/packages/17/06/cd2e32b5f744701189c954f9ab5eee449c86695b13f414bb8ea7a83f6d48/wrapt-2.0.0-cp313-cp313t-manylinux2014_aarch64.manylinux_2_17_aarch64.manylinux_2_28_aarch64.whl", hash = "sha256:c8bbd2472abf8c33480ad2314b1f8fac45d592aba6cc093e8839a7b2045660e6", size = 158811, upload-time = "2025-10-19T23:46:40.875Z" },
    { url = "https://files.pythonhosted.org/packages/7d/a2/a6d920695cca62563c1b969064e5cd2051344a6e330c184b6f80383d87e4/wrapt-2.0.0-cp313-cp313t-manylinux_2_31_riscv64.manylinux_2_39_riscv64.whl", hash = "sha256:e64a3a1fd9a308ab9b815a2ad7a65b679730629dbf85f8fc3f7f970d634ee5df", size = 146033, upload-time = "2025-10-19T23:46:37.351Z" },
    { url = "https://files.pythonhosted.org/packages/c6/90/7fd2abe4ec646bc43cb6b0d05086be6fcf15e64f06f51fc4198804396d68/wrapt-2.0.0-cp313-cp313t-musllinux_1_2_aarch64.whl", hash = "sha256:d61214525eaf88e0d0edf3d1ad5b5889863c6f88e588c6cdc6aa4ee5d1f10a4a", size = 155673, upload-time = "2025-10-19T23:46:42.582Z" },
    { url = "https://files.pythonhosted.org/packages/5f/8d/6cce7f8c41633e677ac8aa34e84b53a22a645ec2a680deb991785ca2798d/wrapt-2.0.0-cp313-cp313t-musllinux_1_2_riscv64.whl", hash = "sha256:04f7a5f92c5f7324a1735043cc467b1295a1c5b4e0c1395472b7c44706e3dc61", size = 144364, upload-time = "2025-10-19T23:46:44.381Z" },
    { url = "https://files.pythonhosted.org/packages/72/42/9570349e03afa9d83daf7f33ffb17e8cdc62d7e84c0d09005d0f51912efa/wrapt-2.0.0-cp313-cp313t-musllinux_1_2_x86_64.whl", hash = "sha256:2356f76cb99b3de5b4e5b8210367fbbb81c7309fe39b622f5d199dd88eb7f765", size = 150275, upload-time = "2025-10-19T23:46:45.662Z" },
    { url = "https://files.pythonhosted.org/packages/f2/d8/448728e6fe030e5c4f1022c82cd3af1de1c672fa53d2d5b36b32a55ce7bf/wrapt-2.0.0-cp313-cp313t-win32.whl", hash = "sha256:0a921b657a224e40e4bc161b5d33934583b34f0c9c5bdda4e6ac66f9d2fcb849", size = 59867, upload-time = "2025-10-19T23:46:49.593Z" },
    { url = "https://files.pythonhosted.org/packages/8f/b1/ad812b1fe1cd85f6498dc3a3c9809a1e880d6108283b1735119bec217041/wrapt-2.0.0-cp313-cp313t-win_amd64.whl", hash = "sha256:c16f6d4eea98080f6659a8a7fc559d4a0a337ee66960659265cad2c8a40f7c0f", size = 63170, upload-time = "2025-10-19T23:46:46.87Z" },
    { url = "https://files.pythonhosted.org/packages/7f/29/c105b1e76650c82823c491952a7a8eafe09b78944f7a43f22d37ed860229/wrapt-2.0.0-cp313-cp313t-win_arm64.whl", hash = "sha256:52878edc13dc151c58a9966621d67163a80654bc6cff4b2e1c79fa62d0352b26", size = 60339, upload-time = "2025-10-19T23:46:47.862Z" },
    { url = "https://files.pythonhosted.org/packages/f8/38/0dd39f83163fd28326afba84e3e416656938df07e60a924ac4d992b30220/wrapt-2.0.0-cp314-cp314-macosx_10_13_universal2.whl", hash = "sha256:79a53d86c2aff7b32cc77267e3a308365d1fcb881e74bc9cbe26f63ee90e37f0", size = 78242, upload-time = "2025-10-19T23:46:51.096Z" },
    { url = "https://files.pythonhosted.org/packages/08/ef/fa7a5c1d73f8690c712f9d2e4615700c6809942536dd3f441b9ba650a310/wrapt-2.0.0-cp314-cp314-macosx_10_13_x86_64.whl", hash = "sha256:d731a4f22ed6ffa4cb551b4d2b0c24ff940c27a88edaf8e3490a5ee3a05aef71", size = 61207, upload-time = "2025-10-19T23:46:52.558Z" },
    { url = "https://files.pythonhosted.org/packages/23/d9/67cb93da492eb0a1cb17b7ed18220d059e58f00467ce6728b674d3441b3d/wrapt-2.0.0-cp314-cp314-macosx_11_0_arm64.whl", hash = "sha256:3e02ab8c0ac766a5a6e81cd3b6cc39200c69051826243182175555872522bd5a", size = 61748, upload-time = "2025-10-19T23:46:54.468Z" },
    { url = "https://files.pythonhosted.org/packages/e5/be/912bbd70cc614f491b526a1d7fe85695b283deed19287b9f32460178c54d/wrapt-2.0.0-cp314-cp314-manylinux1_x86_64.manylinux_2_28_x86_64.manylinux_2_5_x86_64.whl", hash = "sha256:895870602d65d7338edb3b6a717d856632ad9f14f7ff566214e4fb11f0816649", size = 120424, upload-time = "2025-10-19T23:46:57.575Z" },
    { url = "https://files.pythonhosted.org/packages/b2/e1/10df8937e7da2aa9bc3662a4b623e51a323c68f42cad7b13f0e61a700ce2/wrapt-2.0.0-cp314-cp314-manylinux2014_aarch64.manylinux_2_17_aarch64.manylinux_2_28_aarch64.whl", hash = "sha256:0b9ad4fab76a0086dc364c4f17f39ad289600e73ef5c6e9ab529aff22cac1ac3", size = 122804, upload-time = "2025-10-19T23:46:59.308Z" },
    { url = "https://files.pythonhosted.org/packages/f3/60/576751b1919adab9f63168e3b5fd46c0d1565871b1cc4c2569503ccf4be6/wrapt-2.0.0-cp314-cp314-manylinux_2_31_riscv64.manylinux_2_39_riscv64.whl", hash = "sha256:e7ca0562606d7bad2736b2c18f61295d61f50cd3f4bfc51753df13614dbcce1b", size = 117398, upload-time = "2025-10-19T23:46:55.814Z" },
    { url = "https://files.pythonhosted.org/packages/ec/55/243411f360cc27bae5f8e21c16f1a8d87674c5534f4558e8a97c1e0d1c6f/wrapt-2.0.0-cp314-cp314-musllinux_1_2_aarch64.whl", hash = "sha256:fe089d9f5a4a3dea0108a8ae34bced114d0c4cca417bada1c5e8f42d98af9050", size = 121230, upload-time = "2025-10-19T23:47:01.347Z" },
    { url = "https://files.pythonhosted.org/packages/d6/23/2f21f692c3b3f0857cb82708ce0c341fbac55a489d4025ae4e3fd5d5de8c/wrapt-2.0.0-cp314-cp314-musllinux_1_2_riscv64.whl", hash = "sha256:e761f2d2f8dbc80384af3d547b522a80e67db3e319c7b02e7fd97aded0a8a678", size = 116296, upload-time = "2025-10-19T23:47:02.659Z" },
    { url = "https://files.pythonhosted.org/packages/bd/ed/678957fad212cfb1b65b2359d62f5619f5087d1d1cf296c6a996be45171c/wrapt-2.0.0-cp314-cp314-musllinux_1_2_x86_64.whl", hash = "sha256:17ba1bdc52d0c783481850996aa26cea5237720769197335abea2ae6b4c23bc0", size = 119602, upload-time = "2025-10-19T23:47:03.775Z" },
    { url = "https://files.pythonhosted.org/packages/dc/e3/aeb4c3b052d3eed95e61babc20dcb1a512651e098cca4b84a6896585c06a/wrapt-2.0.0-cp314-cp314-win32.whl", hash = "sha256:f73318741b141223a4674ba96992aa2291b1b3f7a5e85cb3c2c964f86171eb45", size = 58649, upload-time = "2025-10-19T23:47:07.382Z" },
    { url = "https://files.pythonhosted.org/packages/aa/2a/a71c51cb211798405b59172c7df5789a5b934b18317223cf22e0c6f852de/wrapt-2.0.0-cp314-cp314-win_amd64.whl", hash = "sha256:8e08d4edb13cafe7b3260f31d4de033f73d3205774540cf583bffaa4bec97db9", size = 60897, upload-time = "2025-10-19T23:47:04.862Z" },
    { url = "https://files.pythonhosted.org/packages/f8/a5/acc5628035d06f69e9144cca543ca54c33b42a5a23b6f1e8fa131026db89/wrapt-2.0.0-cp314-cp314-win_arm64.whl", hash = "sha256:af01695c2b7bbd8d67b869d8e3de2b123a7bfbee0185bdd138c2775f75373b83", size = 59306, upload-time = "2025-10-19T23:47:05.883Z" },
    { url = "https://files.pythonhosted.org/packages/a7/e6/1318ca07d7fcee57e4592a78dacd9d5493b8ddd971c553a62904fb2c0cf2/wrapt-2.0.0-cp314-cp314t-macosx_10_13_universal2.whl", hash = "sha256:057f02c13cce7b26c79624c06a3e1c2353e6dc9708525232232f6768118042ca", size = 81987, upload-time = "2025-10-19T23:47:08.7Z" },
    { url = "https://files.pythonhosted.org/packages/e7/bf/ffac358ddf61c3923d94a8b0e7620f2af1cd1b637a0fe4963a3919aa62b7/wrapt-2.0.0-cp314-cp314t-macosx_10_13_x86_64.whl", hash = "sha256:79bdd84570267f3f43d609c892ae2d30b91ee4b8614c2cbfd311a2965f1c9bdb", size = 62902, upload-time = "2025-10-19T23:47:10.248Z" },
    { url = "https://files.pythonhosted.org/packages/b5/af/387c51f9e7b544fe95d852fc94f9f3866e3f7d7d39c2ee65041752f90bc2/wrapt-2.0.0-cp314-cp314t-macosx_11_0_arm64.whl", hash = "sha256:93c8b4f4d54fd401a817abbfc9bf482aa72fd447f8adf19ce81d035b3f5c762c", size = 63635, upload-time = "2025-10-19T23:47:11.746Z" },
    { url = "https://files.pythonhosted.org/packages/7c/99/d38d8c80b9cc352531d4d539a17e3674169a5cc25a7e6e5e3c27bc29893e/wrapt-2.0.0-cp314-cp314t-manylinux1_x86_64.manylinux_2_28_x86_64.manylinux_2_5_x86_64.whl", hash = "sha256:5e09ffd31001dce71c2c2a4fc201bdba9a2f9f62b23700cf24af42266e784741", size = 152659, upload-time = "2025-10-19T23:47:15.344Z" },
    { url = "https://files.pythonhosted.org/packages/5a/2a/e154432f274e22ecf2465583386c5ceffa5e0bab3947c1c5b26cc8e7b275/wrapt-2.0.0-cp314-cp314t-manylinux2014_aarch64.manylinux_2_17_aarch64.manylinux_2_28_aarch64.whl", hash = "sha256:d87c285ff04e26083c4b03546e7b74df7ba4f1f32f1dcb92e9ac13c2dbb4c379", size = 158818, upload-time = "2025-10-19T23:47:17.569Z" },
    { url = "https://files.pythonhosted.org/packages/c5/7a/3a40c453300e2898e99c27495b8109ff7cd526997d12cfb8ebd1843199a4/wrapt-2.0.0-cp314-cp314t-manylinux_2_31_riscv64.manylinux_2_39_riscv64.whl", hash = "sha256:e52e50ea0a72ea48d1291cf8b8aaedcc99072d9dc5baba6b820486dcf4c67da8", size = 146113, upload-time = "2025-10-19T23:47:13.026Z" },
    { url = "https://files.pythonhosted.org/packages/9e/e2/3116a9eade8bea2bf5eedba3fa420e3c7d193d4b047440330d8eaf1098de/wrapt-2.0.0-cp314-cp314t-musllinux_1_2_aarch64.whl", hash = "sha256:1fd4c95536975895f32571073446e614d5e2810b666b64955586dcddfd438fd3", size = 155689, upload-time = "2025-10-19T23:47:19.397Z" },
    { url = "https://files.pythonhosted.org/packages/43/1c/277d3fbe9d177830ab9e54fe9253f38455b75a22d639a4bd9fa092d55ae5/wrapt-2.0.0-cp314-cp314t-musllinux_1_2_riscv64.whl", hash = "sha256:d6ebfe9283209220ed9de80a3e9442aab8fc2be5a9bbf8491b99e02ca9349a89", size = 144403, upload-time = "2025-10-19T23:47:20.779Z" },
    { url = "https://files.pythonhosted.org/packages/d8/37/ab6ddaf182248aac5ed925725ef4c69a510594764665ecbd95bdd4481f16/wrapt-2.0.0-cp314-cp314t-musllinux_1_2_x86_64.whl", hash = "sha256:5d3ebd784804f146b7ea55359beb138e23cc18e5a5cc2cf26ad438723c00ce3a", size = 150307, upload-time = "2025-10-19T23:47:22.604Z" },
    { url = "https://files.pythonhosted.org/packages/f6/d7/df9e2d8040a3af618ff9496261cf90ca4f886fd226af0f4a69ac0c020c3b/wrapt-2.0.0-cp314-cp314t-win32.whl", hash = "sha256:9b15940ae9debc8b40b15dc57e1ce4433f7fb9d3f8761c7fab1ddd94cb999d99", size = 60557, upload-time = "2025-10-19T23:47:26.73Z" },
    { url = "https://files.pythonhosted.org/packages/b4/c2/502bd4557a3a9199ea73cc5932cf83354bd362682162f0b14164d2e90216/wrapt-2.0.0-cp314-cp314t-win_amd64.whl", hash = "sha256:7a0efbbc06d3e2077476a04f55859819d23206600b4c33f791359a8e6fa3c362", size = 63988, upload-time = "2025-10-19T23:47:23.826Z" },
    { url = "https://files.pythonhosted.org/packages/1f/f2/632b13942f45db7af709f346ff38b8992c8c21b004e61ab320b0dec525fe/wrapt-2.0.0-cp314-cp314t-win_arm64.whl", hash = "sha256:7fec8a9455c029c8cf4ff143a53b6e7c463268d42be6c17efa847ebd2f809965", size = 60584, upload-time = "2025-10-19T23:47:25.396Z" },
    { url = "https://files.pythonhosted.org/packages/00/5c/c34575f96a0a038579683c7f10fca943c15c7946037d1d254ab9db1536ec/wrapt-2.0.0-py3-none-any.whl", hash = "sha256:02482fb0df89857e35427dfb844319417e14fae05878f295ee43fa3bf3b15502", size = 43998, upload-time = "2025-10-19T23:47:52.858Z" },
]
