version = 1
revision = 2
requires-python = ">=3.13"

[[package]]
name = "anyio"
version = "4.11.0"
source = { registry = "https://pypi.org/simple" }
dependencies = [
    { name = "idna" },
    { name = "sniffio" },
]
sdist = { url = "https://files.pythonhosted.org/packages/c6/78/7d432127c41b50bccba979505f272c16cbcadcc33645d5fa3a738110ae75/anyio-4.11.0.tar.gz", hash = "sha256:82a8d0b81e318cc5ce71a5f1f8b5c4e63619620b63141ef8c995fa0db95a57c4", size = 219094, upload-time = "2025-09-23T09:19:12.58Z" }
wheels = [
    { url = "https://files.pythonhosted.org/packages/15/b3/9b1a8074496371342ec1e796a96f99c82c945a339cd81a8e73de28b4cf9e/anyio-4.11.0-py3-none-any.whl", hash = "sha256:0287e96f4d26d4149305414d4e3bc32f0dcd0862365a4bddea19d7a1ec38c4fc", size = 109097, upload-time = "2025-09-23T09:19:10.601Z" },
]

[[package]]
name = "idna"
version = "3.11"
source = { registry = "https://pypi.org/simple" }
sdist = { url = "https://files.pythonhosted.org/packages/6f/6d/0703ccc57f3a7233505399edb88de3cbd678da106337b9fcde432b65ed60/idna-3.11.tar.gz", hash = "sha256:795dafcc9c04ed0c1fb032c2aa73654d8e8c5023a7df64a53f39190ada629902", size = 194582, upload-time = "2025-10-12T14:55:20.501Z" }
wheels = [
    { url = "https://files.pythonhosted.org/packages/0e/61/66938bbb5fc52dbdf84594873d5b51fb1f7c7794e9c0f5bd885f30bc507b/idna-3.11-py3-none-any.whl", hash = "sha256:771a87f49d9defaf64091e6e6fe9c18d4833f140bd19464795bc32d966ca37ea", size = 71008, upload-time = "2025-10-12T14:55:18.883Z" },
]

[[package]]
name = "protobuf"
version = "6.33.0"
source = { registry = "https://pypi.org/simple" }
sdist = { url = "https://files.pythonhosted.org/packages/19/ff/64a6c8f420818bb873713988ca5492cba3a7946be57e027ac63495157d97/protobuf-6.33.0.tar.gz", hash = "sha256:140303d5c8d2037730c548f8c7b93b20bb1dc301be280c378b82b8894589c954", size = 443463, upload-time = "2025-10-15T20:39:52.159Z" }
wheels = [
    { url = "https://files.pythonhosted.org/packages/7e/ee/52b3fa8feb6db4a833dfea4943e175ce645144532e8a90f72571ad85df4e/protobuf-6.33.0-cp310-abi3-win32.whl", hash = "sha256:d6101ded078042a8f17959eccd9236fb7a9ca20d3b0098bbcb91533a5680d035", size = 425593, upload-time = "2025-10-15T20:39:40.29Z" },
    { url = "https://files.pythonhosted.org/packages/7b/c6/7a465f1825872c55e0341ff4a80198743f73b69ce5d43ab18043699d1d81/protobuf-6.33.0-cp310-abi3-win_amd64.whl", hash = "sha256:9a031d10f703f03768f2743a1c403af050b6ae1f3480e9c140f39c45f81b13ee", size = 436882, upload-time = "2025-10-15T20:39:42.841Z" },
    { url = "https://files.pythonhosted.org/packages/e1/a9/b6eee662a6951b9c3640e8e452ab3e09f117d99fc10baa32d1581a0d4099/protobuf-6.33.0-cp39-abi3-macosx_10_9_universal2.whl", hash = "sha256:905b07a65f1a4b72412314082c7dbfae91a9e8b68a0cc1577515f8df58ecf455", size = 427521, upload-time = "2025-10-15T20:39:43.803Z" },
    { url = "https://files.pythonhosted.org/packages/10/35/16d31e0f92c6d2f0e77c2a3ba93185130ea13053dd16200a57434c882f2b/protobuf-6.33.0-cp39-abi3-manylinux2014_aarch64.whl", hash = "sha256:e0697ece353e6239b90ee43a9231318302ad8353c70e6e45499fa52396debf90", size = 324445, upload-time = "2025-10-15T20:39:44.932Z" },
    { url = "https://files.pythonhosted.org/packages/e6/eb/2a981a13e35cda8b75b5585aaffae2eb904f8f351bdd3870769692acbd8a/protobuf-6.33.0-cp39-abi3-manylinux2014_s390x.whl", hash = "sha256:e0a1715e4f27355afd9570f3ea369735afc853a6c3951a6afe1f80d8569ad298", size = 339159, upload-time = "2025-10-15T20:39:46.186Z" },
    { url = "https://files.pythonhosted.org/packages/21/51/0b1cbad62074439b867b4e04cc09b93f6699d78fd191bed2bbb44562e077/protobuf-6.33.0-cp39-abi3-manylinux2014_x86_64.whl", hash = "sha256:35be49fd3f4fefa4e6e2aacc35e8b837d6703c37a2168a55ac21e9b1bc7559ef", size = 323172, upload-time = "2025-10-15T20:39:47.465Z" },
    { url = "https://files.pythonhosted.org/packages/07/d1/0a28c21707807c6aacd5dc9c3704b2aa1effbf37adebd8caeaf68b17a636/protobuf-6.33.0-py3-none-any.whl", hash = "sha256:25c9e1963c6734448ea2d308cfa610e692b801304ba0908d7bfa564ac5132995", size = 170477, upload-time = "2025-10-15T20:39:51.311Z" },
]

[[package]]
name = "sniffio"
version = "1.3.1"
source = { registry = "https://pypi.org/simple" }
sdist = { url = "https://files.pythonhosted.org/packages/a2/87/a6771e1546d97e7e041b6ae58d80074f81b7d5121207425c964ddf5cfdbd/sniffio-1.3.1.tar.gz", hash = "sha256:f4324edc670a0f49750a81b895f35c3adb843cca46f0530f79fc1babb23789dc", size = 20372, upload-time = "2024-02-25T23:20:04.057Z" }
wheels = [
    { url = "https://files.pythonhosted.org/packages/e9/44/75a9c9421471a6c4805dbf2356f7c181a29c1879239abab1ea2cc8f38b40/sniffio-1.3.1-py3-none-any.whl", hash = "sha256:2f6da418d1f1e0fddd844478f41680e794e6051915791a034ff65e5f100525a2", size = 10235, upload-time = "2024-02-25T23:20:01.196Z" },
]

[[package]]
name = "valkey-glide"
version = "2.1.1"
source = { registry = "https://pypi.org/simple" }
dependencies = [
    { name = "anyio" },
    { name = "protobuf" },
]
sdist = { url = "https://files.pythonhosted.org/packages/b6/0f/9819fd6260a9471feb54e77d512e0dcef92a0437e607b623acea81b161f3/valkey_glide-2.1.1.tar.gz", hash = "sha256:a6a0433926754415c3ac4c7c32c7e95988df91e0966ffdf9869e7576c65fbe48", size = 676754, upload-time = "2025-10-08T19:44:22.669Z" }
wheels = [
    { url = "https://files.pythonhosted.org/packages/33/45/5aafeadaec5ca8f7614a62155ee0c46e57449706d29cb0ad89d4fe16d9c1/valkey_glide-2.1.1-cp313-cp313-macosx_10_7_x86_64.whl", hash = "sha256:ac102b6ae01db26e15027cb3df80a660dd7e27e0422aa0662ca9632cde667f71", size = 5076569, upload-time = "2025-10-08T19:43:54.535Z" },
    { url = "https://files.pythonhosted.org/packages/2b/38/102637912d3666b3ab2eff82d285dedc2cfe5d4d802fdea7064fb816c7da/valkey_glide-2.1.1-cp313-cp313-macosx_11_0_arm64.whl", hash = "sha256:4621ed235e33ff45fb8c176846754e426d38cfd5f2a1c901d0e72a4d47efb731", size = 4753847, upload-time = "2025-10-08T19:43:55.836Z" },
    { url = "https://files.pythonhosted.org/packages/8a/f9/7ba69a6273c95c02c0edc32dc3519ec6f628339ed7ab6d2b896f6aa672eb/valkey_glide-2.1.1-cp313-cp313-manylinux_2_17_aarch64.manylinux2014_aarch64.whl", hash = "sha256:3013535e4a9bd6511837e0055754f779d8ee4611eacd57c6c21fe1025d57c791", size = 4802796, upload-time = "2025-10-08T19:43:57.25Z" },
    { url = "https://files.pythonhosted.org/packages/e0/7f/adcc99c2bb6f9acf1f19a4ea7c0df074f20f7bc9c95f5b9ac75a1ee1c40b/valkey_glide-2.1.1-cp313-cp313-manylinux_2_17_x86_64.manylinux2014_x86_64.whl", hash = "sha256:e0ac3113cab7d588d20ae1c11ce0551f3c7d6a357f9c434b779fc3962359aae9", size = 5132071, upload-time = "2025-10-08T19:43:58.427Z" },
]

[[package]]
name = "valkey-realtime-analytics"
version = "0.1.0"
source = { virtual = "." }
dependencies = [
    { name = "valkey-glide" },
]

[package.metadata]
requires-dist = [{ name = "valkey-glide", specifier = ">=2.1.1" }]
